
Microsoft Visual Studio Solution File, Format Version 12.00
# Visual Studio Version 17
VisualStudioVersion = 17.8.34601.278
MinimumVisualStudioVersion = 10.0.40219.1
Project("{9A19103F-16F7-4668-BE54-9A1E7A4F7556}") = "ReverseSubstringsInString", "ReverseSubstringsInString\ReverseSubstringsInString.csproj", "{61CA0781-BEB6-47AA-BBA5-63786F51BA8E}"
EndProject
Project("{FAE04EC0-301F-11D3-BF4B-00C04F79EFBC}") = "SumConsecutives", "SumConsecutives\SumConsecutives.csproj", "{F5F20869-9B39-4B0C-952B-DA27DE7D8C79}"
EndProject
Global
	GlobalSection(SolutionConfigurationPlatforms) = preSolution
		Debug|Any CPU = Debug|Any CPU
		Release|Any CPU = Release|Any CPU
	EndGlobalSection
	GlobalSection(ProjectConfigurationPlatforms) = postSolution
		{61CA0781-BEB6-47AA-BBA5-63786F51BA8E}.Debug|Any CPU.ActiveCfg = Debug|Any CPU
		{61CA0781-BEB6-47AA-BBA5-63786F51BA8E}.Debug|Any CPU.Build.0 = Debug|Any CPU
		{61CA0781-BEB6-47AA-BBA5-63786F51BA8E}.Release|Any CPU.ActiveCfg = Release|Any CPU
		{61CA0781-BEB6-47AA-BBA5-63786F51BA8E}.Release|Any CPU.Build.0 = Release|Any CPU
		{F5F20869-9B39-4B0C-952B-DA27DE7D8C79}.Debug|Any CPU.ActiveCfg = Debug|Any CPU
		{F5F20869-9B39-4B0C-952B-DA27DE7D8C79}.Debug|Any CPU.Build.0 = Debug|Any CPU
		{F5F20869-9B39-4B0C-952B-DA27DE7D8C79}.Release|Any CPU.ActiveCfg = Release|Any CPU
		{F5F20869-9B39-4B0C-952B-DA27DE7D8C79}.Release|Any CPU.Build.0 = Release|Any CPU
	EndGlobalSection
	GlobalSection(SolutionProperties) = preSolution
		HideSolutionNode = FALSE
	EndGlobalSection
	GlobalSection(ExtensibilityGlobals) = postSolution
		SolutionGuid = {B114F5A5-5724-4171-9F9F-EDDE8368B0BC}
	EndGlobalSection
EndGlobal
